
Microsoft Visual Studio Solution File, Format Version 12.00
# Visual Studio Version 17
VisualStudioVersion = 17.8.34330.188
MinimumVisualStudioVersion = 10.0.40219.1
Project("{2150E333-8FDC-42A3-9474-1A3956D46DE8}") = "Modules", "Modules", "{C0F99C01-ECB8-4339-9B09-E9C4ABE7F501}"
EndProject
Project("{2150E333-8FDC-42A3-9474-1A3956D46DE8}") = "NBAData", "NBAData", "{6C1EB0BF-B450-42D3-B52F-CC428FB1C3C6}"
EndProject
Project("{9A19103F-16F7-4668-BE54-9A1E7A4F7556}") = "HoopHub.Modules.NBAData.Domain", "Modules\NBAData\HoopHub.Modules.NBAData.Domain\HoopHub.Modules.NBAData.Domain.csproj", "{00A3AA15-42BA-4DB9-B18F-4CBECA2C7386}"
EndProject
Project("{9A19103F-16F7-4668-BE54-9A1E7A4F7556}") = "HoopHub.Modules.NBAData.Application", "Modules\NBAData\HoopHub.Modules.NBAData.Application\HoopHub.Modules.NBAData.Application.csproj", "{91E1BA18-EC83-42D6-9B5D-CE1993032897}"
EndProject
Project("{9A19103F-16F7-4668-BE54-9A1E7A4F7556}") = "HoopHub.Modules.NBAData.Infrastructure", "Modules\NBAData\HoopHub.Modules.NBAData.Infrastructure\HoopHub.Modules.NBAData.Infrastructure.csproj", "{EEF12B14-90D6-4AB0-A10A-0A123BF2B41F}"
EndProject
Project("{2150E333-8FDC-42A3-9474-1A3956D46DE8}") = "API", "API", "{F067FC72-5243-49CE-ACBB-85769F235895}"
EndProject
Project("{9A19103F-16F7-4668-BE54-9A1E7A4F7556}") = "HoopHub.API", "API\HoopHub.API\HoopHub.API.csproj", "{BFA38C1D-EA2D-47C7-8DF4-A4A807457052}"
EndProject
Project("{E53339B2-1760-4266-BCC7-CA923CBCF16C}") = "docker-compose", "docker-compose.dcproj", "{1EAE2EDD-1452-4069-BED5-DE824611B5A6}"
EndProject
Project("{2150E333-8FDC-42A3-9474-1A3956D46DE8}") = "BuildingBlocks", "BuildingBlocks", "{A6A4DE24-C909-437C-9B97-1BFB7213A924}"
EndProject
Project("{9A19103F-16F7-4668-BE54-9A1E7A4F7556}") = "HoopHub.BuildingBlocks.Domain", "BuildingBlocks\HoopHub.BuildingBlocks.Domain\HoopHub.BuildingBlocks.Domain.csproj", "{21D910BB-E36F-47CA-A2C8-6751E6B5E020}"
EndProject
Project("{9A19103F-16F7-4668-BE54-9A1E7A4F7556}") = "HoopHub.BuildingBlocks.Infrastructure", "BuildingBlocks\HoopHub.BuildingBlocks.Infrastructure\HoopHub.BuildingBlocks.Infrastructure.csproj", "{E1623659-2380-4234-9718-83EEFCD8A87D}"
EndProject
Project("{9A19103F-16F7-4668-BE54-9A1E7A4F7556}") = "HoopHub.BuildingBlocks.Application", "BuildingBlocks\HoopHub.BuildingBlocks.Application\HoopHub.BuildingBlocks.Application.csproj", "{3AD471DE-E3EE-4EBB-8422-E88DBD4A6467}"
EndProject
Project("{9A19103F-16F7-4668-BE54-9A1E7A4F7556}") = "HoopHub.BuildingBlocks.API", "BuildingBlocks\HoopHub.BuildingBlocks.API\HoopHub.BuildingBlocks.API.csproj", "{B65FF259-3EF3-42FD-9528-1E2290E8D664}"
EndProject
Project("{2150E333-8FDC-42A3-9474-1A3956D46DE8}") = "UserAccess", "UserAccess", "{6C943839-A4B8-4780-9E1B-E873ADAADC76}"
EndProject
Project("{9A19103F-16F7-4668-BE54-9A1E7A4F7556}") = "HoopHub.Modules.UserAccess.Domain", "Modules\UserAccess\HoopHub.Modules.UserAccess.Domain\HoopHub.Modules.UserAccess.Domain.csproj", "{546B4124-834E-4D24-9578-47C18F919DC7}"
EndProject
Project("{9A19103F-16F7-4668-BE54-9A1E7A4F7556}") = "HoopHub.Modules.UserAccess.Application", "Modules\UserAccess\HoopHub.Modules.UserAccess.Application\HoopHub.Modules.UserAccess.Application.csproj", "{61EA6C74-392D-4E1C-9BD3-35E415459C18}"
EndProject
Project("{9A19103F-16F7-4668-BE54-9A1E7A4F7556}") = "HoopHub.Modules.UserAccess.Infrastructure", "Modules\UserAccess\HoopHub.Modules.UserAccess.Infrastructure\HoopHub.Modules.UserAccess.Infrastructure.csproj", "{035639BD-3DD2-4BBD-834E-FA1D6E490735}"
EndProject
Project("{2150E333-8FDC-42A3-9474-1A3956D46DE8}") = "UserFeatures", "UserFeatures", "{41F8CBF3-E161-4552-84AC-A9BB185E202E}"
EndProject
Project("{9A19103F-16F7-4668-BE54-9A1E7A4F7556}") = "HoopHub.Modules.UserFeatures.Domain", "Modules\UserFeatures\HoopHub.Modules.UserFeatures.Domain\HoopHub.Modules.UserFeatures.Domain.csproj", "{0A1404A6-3CCE-40CB-BB1C-6EA4BB5BCEC8}"
EndProject
Project("{9A19103F-16F7-4668-BE54-9A1E7A4F7556}") = "HoopHub.Modules.UserFeatures.Application", "Modules\UserFeatures\HoopHub.Modules.UserFeatures.Application\HoopHub.Modules.UserFeatures.Application.csproj", "{526451F3-C5A7-4128-BD52-42F2E449310D}"
EndProject
Project("{9A19103F-16F7-4668-BE54-9A1E7A4F7556}") = "HoopHub.Modules.UserFeatures.Infrastructure", "Modules\UserFeatures\HoopHub.Modules.UserFeatures.Infrastructure\HoopHub.Modules.UserFeatures.Infrastructure.csproj", "{5C6FD2BA-6101-47B0-82C0-24615FD76158}"
EndProject
Project("{9A19103F-16F7-4668-BE54-9A1E7A4F7556}") = "HoopHub.Modules.UserAccess.IntegrationEvents", "Modules\UserAccess\HoopHub.Modules.UserAccess.IntegrationEvents\HoopHub.Modules.UserAccess.IntegrationEvents.csproj", "{AB838296-E30C-4D9B-A1D1-68A31D04062D}"
EndProject
Project("{FAE04EC0-301F-11D3-BF4B-00C04F79EFBC}") = "HoopHub.Modules.UserFeatures.IntegrationEvents", "Modules\UserFeatures\HoopHub.Modules.UserFeatures.IntegrationEvents\HoopHub.Modules.UserFeatures.IntegrationEvents.csproj", "{A4B4A2CD-B5E7-46A0-83E8-EC604A26C9A9}"
EndProject
Global
	GlobalSection(SolutionConfigurationPlatforms) = preSolution
		Debug|Any CPU = Debug|Any CPU
		Debug|x64 = Debug|x64
		Debug|x86 = Debug|x86
		Release|Any CPU = Release|Any CPU
		Release|x64 = Release|x64
		Release|x86 = Release|x86
	EndGlobalSection
	GlobalSection(ProjectConfigurationPlatforms) = postSolution
		{00A3AA15-42BA-4DB9-B18F-4CBECA2C7386}.Debug|Any CPU.ActiveCfg = Debug|Any CPU
		{00A3AA15-42BA-4DB9-B18F-4CBECA2C7386}.Debug|Any CPU.Build.0 = Debug|Any CPU
		{00A3AA15-42BA-4DB9-B18F-4CBECA2C7386}.Debug|x64.ActiveCfg = Debug|Any CPU
		{00A3AA15-42BA-4DB9-B18F-4CBECA2C7386}.Debug|x64.Build.0 = Debug|Any CPU
		{00A3AA15-42BA-4DB9-B18F-4CBECA2C7386}.Debug|x86.ActiveCfg = Debug|Any CPU
		{00A3AA15-42BA-4DB9-B18F-4CBECA2C7386}.Debug|x86.Build.0 = Debug|Any CPU
		{00A3AA15-42BA-4DB9-B18F-4CBECA2C7386}.Release|Any CPU.ActiveCfg = Release|Any CPU
		{00A3AA15-42BA-4DB9-B18F-4CBECA2C7386}.Release|Any CPU.Build.0 = Release|Any CPU
		{00A3AA15-42BA-4DB9-B18F-4CBECA2C7386}.Release|x64.ActiveCfg = Release|Any CPU
		{00A3AA15-42BA-4DB9-B18F-4CBECA2C7386}.Release|x64.Build.0 = Release|Any CPU
		{00A3AA15-42BA-4DB9-B18F-4CBECA2C7386}.Release|x86.ActiveCfg = Release|Any CPU
		{00A3AA15-42BA-4DB9-B18F-4CBECA2C7386}.Release|x86.Build.0 = Release|Any CPU
		{91E1BA18-EC83-42D6-9B5D-CE1993032897}.Debug|Any CPU.ActiveCfg = Debug|Any CPU
		{91E1BA18-EC83-42D6-9B5D-CE1993032897}.Debug|Any CPU.Build.0 = Debug|Any CPU
		{91E1BA18-EC83-42D6-9B5D-CE1993032897}.Debug|x64.ActiveCfg = Debug|Any CPU
		{91E1BA18-EC83-42D6-9B5D-CE1993032897}.Debug|x64.Build.0 = Debug|Any CPU
		{91E1BA18-EC83-42D6-9B5D-CE1993032897}.Debug|x86.ActiveCfg = Debug|Any CPU
		{91E1BA18-EC83-42D6-9B5D-CE1993032897}.Debug|x86.Build.0 = Debug|Any CPU
		{91E1BA18-EC83-42D6-9B5D-CE1993032897}.Release|Any CPU.ActiveCfg = Release|Any CPU
		{91E1BA18-EC83-42D6-9B5D-CE1993032897}.Release|Any CPU.Build.0 = Release|Any CPU
		{91E1BA18-EC83-42D6-9B5D-CE1993032897}.Release|x64.ActiveCfg = Release|Any CPU
		{91E1BA18-EC83-42D6-9B5D-CE1993032897}.Release|x64.Build.0 = Release|Any CPU
		{91E1BA18-EC83-42D6-9B5D-CE1993032897}.Release|x86.ActiveCfg = Release|Any CPU
		{91E1BA18-EC83-42D6-9B5D-CE1993032897}.Release|x86.Build.0 = Release|Any CPU
		{EEF12B14-90D6-4AB0-A10A-0A123BF2B41F}.Debug|Any CPU.ActiveCfg = Debug|Any CPU
		{EEF12B14-90D6-4AB0-A10A-0A123BF2B41F}.Debug|Any CPU.Build.0 = Debug|Any CPU
		{EEF12B14-90D6-4AB0-A10A-0A123BF2B41F}.Debug|x64.ActiveCfg = Debug|Any CPU
		{EEF12B14-90D6-4AB0-A10A-0A123BF2B41F}.Debug|x64.Build.0 = Debug|Any CPU
		{EEF12B14-90D6-4AB0-A10A-0A123BF2B41F}.Debug|x86.ActiveCfg = Debug|Any CPU
		{EEF12B14-90D6-4AB0-A10A-0A123BF2B41F}.Debug|x86.Build.0 = Debug|Any CPU
		{EEF12B14-90D6-4AB0-A10A-0A123BF2B41F}.Release|Any CPU.ActiveCfg = Release|Any CPU
		{EEF12B14-90D6-4AB0-A10A-0A123BF2B41F}.Release|Any CPU.Build.0 = Release|Any CPU
		{EEF12B14-90D6-4AB0-A10A-0A123BF2B41F}.Release|x64.ActiveCfg = Release|Any CPU
		{EEF12B14-90D6-4AB0-A10A-0A123BF2B41F}.Release|x64.Build.0 = Release|Any CPU
		{EEF12B14-90D6-4AB0-A10A-0A123BF2B41F}.Release|x86.ActiveCfg = Release|Any CPU
		{EEF12B14-90D6-4AB0-A10A-0A123BF2B41F}.Release|x86.Build.0 = Release|Any CPU
		{BFA38C1D-EA2D-47C7-8DF4-A4A807457052}.Debug|Any CPU.ActiveCfg = Debug|Any CPU
		{BFA38C1D-EA2D-47C7-8DF4-A4A807457052}.Debug|Any CPU.Build.0 = Debug|Any CPU
		{BFA38C1D-EA2D-47C7-8DF4-A4A807457052}.Debug|x64.ActiveCfg = Debug|Any CPU
		{BFA38C1D-EA2D-47C7-8DF4-A4A807457052}.Debug|x64.Build.0 = Debug|Any CPU
		{BFA38C1D-EA2D-47C7-8DF4-A4A807457052}.Debug|x86.ActiveCfg = Debug|Any CPU
		{BFA38C1D-EA2D-47C7-8DF4-A4A807457052}.Debug|x86.Build.0 = Debug|Any CPU
		{BFA38C1D-EA2D-47C7-8DF4-A4A807457052}.Release|Any CPU.ActiveCfg = Release|Any CPU
		{BFA38C1D-EA2D-47C7-8DF4-A4A807457052}.Release|Any CPU.Build.0 = Release|Any CPU
		{BFA38C1D-EA2D-47C7-8DF4-A4A807457052}.Release|x64.ActiveCfg = Release|Any CPU
		{BFA38C1D-EA2D-47C7-8DF4-A4A807457052}.Release|x64.Build.0 = Release|Any CPU
		{BFA38C1D-EA2D-47C7-8DF4-A4A807457052}.Release|x86.ActiveCfg = Release|Any CPU
		{BFA38C1D-EA2D-47C7-8DF4-A4A807457052}.Release|x86.Build.0 = Release|Any CPU
		{1EAE2EDD-1452-4069-BED5-DE824611B5A6}.Debug|Any CPU.ActiveCfg = Debug|Any CPU
		{1EAE2EDD-1452-4069-BED5-DE824611B5A6}.Debug|Any CPU.Build.0 = Debug|Any CPU
		{1EAE2EDD-1452-4069-BED5-DE824611B5A6}.Debug|x64.ActiveCfg = Debug|Any CPU
		{1EAE2EDD-1452-4069-BED5-DE824611B5A6}.Debug|x64.Build.0 = Debug|Any CPU
		{1EAE2EDD-1452-4069-BED5-DE824611B5A6}.Debug|x86.ActiveCfg = Debug|Any CPU
		{1EAE2EDD-1452-4069-BED5-DE824611B5A6}.Debug|x86.Build.0 = Debug|Any CPU
		{1EAE2EDD-1452-4069-BED5-DE824611B5A6}.Release|Any CPU.ActiveCfg = Release|Any CPU
		{1EAE2EDD-1452-4069-BED5-DE824611B5A6}.Release|Any CPU.Build.0 = Release|Any CPU
		{1EAE2EDD-1452-4069-BED5-DE824611B5A6}.Release|x64.ActiveCfg = Release|Any CPU
		{1EAE2EDD-1452-4069-BED5-DE824611B5A6}.Release|x64.Build.0 = Release|Any CPU
		{1EAE2EDD-1452-4069-BED5-DE824611B5A6}.Release|x86.ActiveCfg = Release|Any CPU
		{1EAE2EDD-1452-4069-BED5-DE824611B5A6}.Release|x86.Build.0 = Release|Any CPU
		{21D910BB-E36F-47CA-A2C8-6751E6B5E020}.Debug|Any CPU.ActiveCfg = Debug|Any CPU
		{21D910BB-E36F-47CA-A2C8-6751E6B5E020}.Debug|Any CPU.Build.0 = Debug|Any CPU
		{21D910BB-E36F-47CA-A2C8-6751E6B5E020}.Debug|x64.ActiveCfg = Debug|Any CPU
		{21D910BB-E36F-47CA-A2C8-6751E6B5E020}.Debug|x64.Build.0 = Debug|Any CPU
		{21D910BB-E36F-47CA-A2C8-6751E6B5E020}.Debug|x86.ActiveCfg = Debug|Any CPU
		{21D910BB-E36F-47CA-A2C8-6751E6B5E020}.Debug|x86.Build.0 = Debug|Any CPU
		{21D910BB-E36F-47CA-A2C8-6751E6B5E020}.Release|Any CPU.ActiveCfg = Release|Any CPU
		{21D910BB-E36F-47CA-A2C8-6751E6B5E020}.Release|Any CPU.Build.0 = Release|Any CPU
		{21D910BB-E36F-47CA-A2C8-6751E6B5E020}.Release|x64.ActiveCfg = Release|Any CPU
		{21D910BB-E36F-47CA-A2C8-6751E6B5E020}.Release|x64.Build.0 = Release|Any CPU
		{21D910BB-E36F-47CA-A2C8-6751E6B5E020}.Release|x86.ActiveCfg = Release|Any CPU
		{21D910BB-E36F-47CA-A2C8-6751E6B5E020}.Release|x86.Build.0 = Release|Any CPU
		{E1623659-2380-4234-9718-83EEFCD8A87D}.Debug|Any CPU.ActiveCfg = Debug|Any CPU
		{E1623659-2380-4234-9718-83EEFCD8A87D}.Debug|Any CPU.Build.0 = Debug|Any CPU
		{E1623659-2380-4234-9718-83EEFCD8A87D}.Debug|x64.ActiveCfg = Debug|Any CPU
		{E1623659-2380-4234-9718-83EEFCD8A87D}.Debug|x64.Build.0 = Debug|Any CPU
		{E1623659-2380-4234-9718-83EEFCD8A87D}.Debug|x86.ActiveCfg = Debug|Any CPU
		{E1623659-2380-4234-9718-83EEFCD8A87D}.Debug|x86.Build.0 = Debug|Any CPU
		{E1623659-2380-4234-9718-83EEFCD8A87D}.Release|Any CPU.ActiveCfg = Release|Any CPU
		{E1623659-2380-4234-9718-83EEFCD8A87D}.Release|Any CPU.Build.0 = Release|Any CPU
		{E1623659-2380-4234-9718-83EEFCD8A87D}.Release|x64.ActiveCfg = Release|Any CPU
		{E1623659-2380-4234-9718-83EEFCD8A87D}.Release|x64.Build.0 = Release|Any CPU
		{E1623659-2380-4234-9718-83EEFCD8A87D}.Release|x86.ActiveCfg = Release|Any CPU
		{E1623659-2380-4234-9718-83EEFCD8A87D}.Release|x86.Build.0 = Release|Any CPU
		{3AD471DE-E3EE-4EBB-8422-E88DBD4A6467}.Debug|Any CPU.ActiveCfg = Debug|Any CPU
		{3AD471DE-E3EE-4EBB-8422-E88DBD4A6467}.Debug|Any CPU.Build.0 = Debug|Any CPU
		{3AD471DE-E3EE-4EBB-8422-E88DBD4A6467}.Debug|x64.ActiveCfg = Debug|Any CPU
		{3AD471DE-E3EE-4EBB-8422-E88DBD4A6467}.Debug|x64.Build.0 = Debug|Any CPU
		{3AD471DE-E3EE-4EBB-8422-E88DBD4A6467}.Debug|x86.ActiveCfg = Debug|Any CPU
		{3AD471DE-E3EE-4EBB-8422-E88DBD4A6467}.Debug|x86.Build.0 = Debug|Any CPU
		{3AD471DE-E3EE-4EBB-8422-E88DBD4A6467}.Release|Any CPU.ActiveCfg = Release|Any CPU
		{3AD471DE-E3EE-4EBB-8422-E88DBD4A6467}.Release|Any CPU.Build.0 = Release|Any CPU
		{3AD471DE-E3EE-4EBB-8422-E88DBD4A6467}.Release|x64.ActiveCfg = Release|Any CPU
		{3AD471DE-E3EE-4EBB-8422-E88DBD4A6467}.Release|x64.Build.0 = Release|Any CPU
		{3AD471DE-E3EE-4EBB-8422-E88DBD4A6467}.Release|x86.ActiveCfg = Release|Any CPU
		{3AD471DE-E3EE-4EBB-8422-E88DBD4A6467}.Release|x86.Build.0 = Release|Any CPU
		{B65FF259-3EF3-42FD-9528-1E2290E8D664}.Debug|Any CPU.ActiveCfg = Debug|Any CPU
		{B65FF259-3EF3-42FD-9528-1E2290E8D664}.Debug|Any CPU.Build.0 = Debug|Any CPU
		{B65FF259-3EF3-42FD-9528-1E2290E8D664}.Debug|x64.ActiveCfg = Debug|Any CPU
		{B65FF259-3EF3-42FD-9528-1E2290E8D664}.Debug|x64.Build.0 = Debug|Any CPU
		{B65FF259-3EF3-42FD-9528-1E2290E8D664}.Debug|x86.ActiveCfg = Debug|Any CPU
		{B65FF259-3EF3-42FD-9528-1E2290E8D664}.Debug|x86.Build.0 = Debug|Any CPU
		{B65FF259-3EF3-42FD-9528-1E2290E8D664}.Release|Any CPU.ActiveCfg = Release|Any CPU
		{B65FF259-3EF3-42FD-9528-1E2290E8D664}.Release|Any CPU.Build.0 = Release|Any CPU
		{B65FF259-3EF3-42FD-9528-1E2290E8D664}.Release|x64.ActiveCfg = Release|Any CPU
		{B65FF259-3EF3-42FD-9528-1E2290E8D664}.Release|x64.Build.0 = Release|Any CPU
		{B65FF259-3EF3-42FD-9528-1E2290E8D664}.Release|x86.ActiveCfg = Release|Any CPU
		{B65FF259-3EF3-42FD-9528-1E2290E8D664}.Release|x86.Build.0 = Release|Any CPU
		{546B4124-834E-4D24-9578-47C18F919DC7}.Debug|Any CPU.ActiveCfg = Debug|Any CPU
		{546B4124-834E-4D24-9578-47C18F919DC7}.Debug|Any CPU.Build.0 = Debug|Any CPU
		{546B4124-834E-4D24-9578-47C18F919DC7}.Debug|x64.ActiveCfg = Debug|Any CPU
		{546B4124-834E-4D24-9578-47C18F919DC7}.Debug|x64.Build.0 = Debug|Any CPU
		{546B4124-834E-4D24-9578-47C18F919DC7}.Debug|x86.ActiveCfg = Debug|Any CPU
		{546B4124-834E-4D24-9578-47C18F919DC7}.Debug|x86.Build.0 = Debug|Any CPU
		{546B4124-834E-4D24-9578-47C18F919DC7}.Release|Any CPU.ActiveCfg = Release|Any CPU
		{546B4124-834E-4D24-9578-47C18F919DC7}.Release|Any CPU.Build.0 = Release|Any CPU
		{546B4124-834E-4D24-9578-47C18F919DC7}.Release|x64.ActiveCfg = Release|Any CPU
		{546B4124-834E-4D24-9578-47C18F919DC7}.Release|x64.Build.0 = Release|Any CPU
		{546B4124-834E-4D24-9578-47C18F919DC7}.Release|x86.ActiveCfg = Release|Any CPU
		{546B4124-834E-4D24-9578-47C18F919DC7}.Release|x86.Build.0 = Release|Any CPU
		{61EA6C74-392D-4E1C-9BD3-35E415459C18}.Debug|Any CPU.ActiveCfg = Debug|Any CPU
		{61EA6C74-392D-4E1C-9BD3-35E415459C18}.Debug|Any CPU.Build.0 = Debug|Any CPU
		{61EA6C74-392D-4E1C-9BD3-35E415459C18}.Debug|x64.ActiveCfg = Debug|Any CPU
		{61EA6C74-392D-4E1C-9BD3-35E415459C18}.Debug|x64.Build.0 = Debug|Any CPU
		{61EA6C74-392D-4E1C-9BD3-35E415459C18}.Debug|x86.ActiveCfg = Debug|Any CPU
		{61EA6C74-392D-4E1C-9BD3-35E415459C18}.Debug|x86.Build.0 = Debug|Any CPU
		{61EA6C74-392D-4E1C-9BD3-35E415459C18}.Release|Any CPU.ActiveCfg = Release|Any CPU
		{61EA6C74-392D-4E1C-9BD3-35E415459C18}.Release|Any CPU.Build.0 = Release|Any CPU
		{61EA6C74-392D-4E1C-9BD3-35E415459C18}.Release|x64.ActiveCfg = Release|Any CPU
		{61EA6C74-392D-4E1C-9BD3-35E415459C18}.Release|x64.Build.0 = Release|Any CPU
		{61EA6C74-392D-4E1C-9BD3-35E415459C18}.Release|x86.ActiveCfg = Release|Any CPU
		{61EA6C74-392D-4E1C-9BD3-35E415459C18}.Release|x86.Build.0 = Release|Any CPU
		{035639BD-3DD2-4BBD-834E-FA1D6E490735}.Debug|Any CPU.ActiveCfg = Debug|Any CPU
		{035639BD-3DD2-4BBD-834E-FA1D6E490735}.Debug|Any CPU.Build.0 = Debug|Any CPU
		{035639BD-3DD2-4BBD-834E-FA1D6E490735}.Debug|x64.ActiveCfg = Debug|Any CPU
		{035639BD-3DD2-4BBD-834E-FA1D6E490735}.Debug|x64.Build.0 = Debug|Any CPU
		{035639BD-3DD2-4BBD-834E-FA1D6E490735}.Debug|x86.ActiveCfg = Debug|Any CPU
		{035639BD-3DD2-4BBD-834E-FA1D6E490735}.Debug|x86.Build.0 = Debug|Any CPU
		{035639BD-3DD2-4BBD-834E-FA1D6E490735}.Release|Any CPU.ActiveCfg = Release|Any CPU
		{035639BD-3DD2-4BBD-834E-FA1D6E490735}.Release|Any CPU.Build.0 = Release|Any CPU
		{035639BD-3DD2-4BBD-834E-FA1D6E490735}.Release|x64.ActiveCfg = Release|Any CPU
		{035639BD-3DD2-4BBD-834E-FA1D6E490735}.Release|x64.Build.0 = Release|Any CPU
		{035639BD-3DD2-4BBD-834E-FA1D6E490735}.Release|x86.ActiveCfg = Release|Any CPU
		{035639BD-3DD2-4BBD-834E-FA1D6E490735}.Release|x86.Build.0 = Release|Any CPU
		{0A1404A6-3CCE-40CB-BB1C-6EA4BB5BCEC8}.Debug|Any CPU.ActiveCfg = Debug|Any CPU
		{0A1404A6-3CCE-40CB-BB1C-6EA4BB5BCEC8}.Debug|Any CPU.Build.0 = Debug|Any CPU
		{0A1404A6-3CCE-40CB-BB1C-6EA4BB5BCEC8}.Debug|x64.ActiveCfg = Debug|Any CPU
		{0A1404A6-3CCE-40CB-BB1C-6EA4BB5BCEC8}.Debug|x64.Build.0 = Debug|Any CPU
		{0A1404A6-3CCE-40CB-BB1C-6EA4BB5BCEC8}.Debug|x86.ActiveCfg = Debug|Any CPU
		{0A1404A6-3CCE-40CB-BB1C-6EA4BB5BCEC8}.Debug|x86.Build.0 = Debug|Any CPU
		{0A1404A6-3CCE-40CB-BB1C-6EA4BB5BCEC8}.Release|Any CPU.ActiveCfg = Release|Any CPU
		{0A1404A6-3CCE-40CB-BB1C-6EA4BB5BCEC8}.Release|Any CPU.Build.0 = Release|Any CPU
		{0A1404A6-3CCE-40CB-BB1C-6EA4BB5BCEC8}.Release|x64.ActiveCfg = Release|Any CPU
		{0A1404A6-3CCE-40CB-BB1C-6EA4BB5BCEC8}.Release|x64.Build.0 = Release|Any CPU
		{0A1404A6-3CCE-40CB-BB1C-6EA4BB5BCEC8}.Release|x86.ActiveCfg = Release|Any CPU
		{0A1404A6-3CCE-40CB-BB1C-6EA4BB5BCEC8}.Release|x86.Build.0 = Release|Any CPU
		{526451F3-C5A7-4128-BD52-42F2E449310D}.Debug|Any CPU.ActiveCfg = Debug|Any CPU
		{526451F3-C5A7-4128-BD52-42F2E449310D}.Debug|Any CPU.Build.0 = Debug|Any CPU
		{526451F3-C5A7-4128-BD52-42F2E449310D}.Debug|x64.ActiveCfg = Debug|Any CPU
		{526451F3-C5A7-4128-BD52-42F2E449310D}.Debug|x64.Build.0 = Debug|Any CPU
		{526451F3-C5A7-4128-BD52-42F2E449310D}.Debug|x86.ActiveCfg = Debug|Any CPU
		{526451F3-C5A7-4128-BD52-42F2E449310D}.Debug|x86.Build.0 = Debug|Any CPU
		{526451F3-C5A7-4128-BD52-42F2E449310D}.Release|Any CPU.ActiveCfg = Release|Any CPU
		{526451F3-C5A7-4128-BD52-42F2E449310D}.Release|Any CPU.Build.0 = Release|Any CPU
		{526451F3-C5A7-4128-BD52-42F2E449310D}.Release|x64.ActiveCfg = Release|Any CPU
		{526451F3-C5A7-4128-BD52-42F2E449310D}.Release|x64.Build.0 = Release|Any CPU
		{526451F3-C5A7-4128-BD52-42F2E449310D}.Release|x86.ActiveCfg = Release|Any CPU
		{526451F3-C5A7-4128-BD52-42F2E449310D}.Release|x86.Build.0 = Release|Any CPU
		{5C6FD2BA-6101-47B0-82C0-24615FD76158}.Debug|Any CPU.ActiveCfg = Debug|Any CPU
		{5C6FD2BA-6101-47B0-82C0-24615FD76158}.Debug|Any CPU.Build.0 = Debug|Any CPU
		{5C6FD2BA-6101-47B0-82C0-24615FD76158}.Debug|x64.ActiveCfg = Debug|Any CPU
		{5C6FD2BA-6101-47B0-82C0-24615FD76158}.Debug|x64.Build.0 = Debug|Any CPU
		{5C6FD2BA-6101-47B0-82C0-24615FD76158}.Debug|x86.ActiveCfg = Debug|Any CPU
		{5C6FD2BA-6101-47B0-82C0-24615FD76158}.Debug|x86.Build.0 = Debug|Any CPU
		{5C6FD2BA-6101-47B0-82C0-24615FD76158}.Release|Any CPU.ActiveCfg = Release|Any CPU
		{5C6FD2BA-6101-47B0-82C0-24615FD76158}.Release|Any CPU.Build.0 = Release|Any CPU
		{5C6FD2BA-6101-47B0-82C0-24615FD76158}.Release|x64.ActiveCfg = Release|Any CPU
		{5C6FD2BA-6101-47B0-82C0-24615FD76158}.Release|x64.Build.0 = Release|Any CPU
		{5C6FD2BA-6101-47B0-82C0-24615FD76158}.Release|x86.ActiveCfg = Release|Any CPU
		{5C6FD2BA-6101-47B0-82C0-24615FD76158}.Release|x86.Build.0 = Release|Any CPU
		{AB838296-E30C-4D9B-A1D1-68A31D04062D}.Debug|Any CPU.ActiveCfg = Debug|Any CPU
		{AB838296-E30C-4D9B-A1D1-68A31D04062D}.Debug|Any CPU.Build.0 = Debug|Any CPU
		{AB838296-E30C-4D9B-A1D1-68A31D04062D}.Debug|x64.ActiveCfg = Debug|Any CPU
		{AB838296-E30C-4D9B-A1D1-68A31D04062D}.Debug|x64.Build.0 = Debug|Any CPU
		{AB838296-E30C-4D9B-A1D1-68A31D04062D}.Debug|x86.ActiveCfg = Debug|Any CPU
		{AB838296-E30C-4D9B-A1D1-68A31D04062D}.Debug|x86.Build.0 = Debug|Any CPU
		{AB838296-E30C-4D9B-A1D1-68A31D04062D}.Release|Any CPU.ActiveCfg = Release|Any CPU
		{AB838296-E30C-4D9B-A1D1-68A31D04062D}.Release|Any CPU.Build.0 = Release|Any CPU
		{AB838296-E30C-4D9B-A1D1-68A31D04062D}.Release|x64.ActiveCfg = Release|Any CPU
		{AB838296-E30C-4D9B-A1D1-68A31D04062D}.Release|x64.Build.0 = Release|Any CPU
		{AB838296-E30C-4D9B-A1D1-68A31D04062D}.Release|x86.ActiveCfg = Release|Any CPU
		{AB838296-E30C-4D9B-A1D1-68A31D04062D}.Release|x86.Build.0 = Release|Any CPU
		{A4B4A2CD-B5E7-46A0-83E8-EC604A26C9A9}.Debug|Any CPU.ActiveCfg = Debug|Any CPU
		{A4B4A2CD-B5E7-46A0-83E8-EC604A26C9A9}.Debug|Any CPU.Build.0 = Debug|Any CPU
		{A4B4A2CD-B5E7-46A0-83E8-EC604A26C9A9}.Debug|x64.ActiveCfg = Debug|Any CPU
		{A4B4A2CD-B5E7-46A0-83E8-EC604A26C9A9}.Debug|x64.Build.0 = Debug|Any CPU
		{A4B4A2CD-B5E7-46A0-83E8-EC604A26C9A9}.Debug|x86.ActiveCfg = Debug|Any CPU
		{A4B4A2CD-B5E7-46A0-83E8-EC604A26C9A9}.Debug|x86.Build.0 = Debug|Any CPU
		{A4B4A2CD-B5E7-46A0-83E8-EC604A26C9A9}.Release|Any CPU.ActiveCfg = Release|Any CPU
		{A4B4A2CD-B5E7-46A0-83E8-EC604A26C9A9}.Release|Any CPU.Build.0 = Release|Any CPU
		{A4B4A2CD-B5E7-46A0-83E8-EC604A26C9A9}.Release|x64.ActiveCfg = Release|Any CPU
		{A4B4A2CD-B5E7-46A0-83E8-EC604A26C9A9}.Release|x64.Build.0 = Release|Any CPU
		{A4B4A2CD-B5E7-46A0-83E8-EC604A26C9A9}.Release|x86.ActiveCfg = Release|Any CPU
		{A4B4A2CD-B5E7-46A0-83E8-EC604A26C9A9}.Release|x86.Build.0 = Release|Any CPU
	EndGlobalSection
	GlobalSection(SolutionProperties) = preSolution
		HideSolutionNode = FALSE
	EndGlobalSection
	GlobalSection(NestedProjects) = preSolution
		{6C1EB0BF-B450-42D3-B52F-CC428FB1C3C6} = {C0F99C01-ECB8-4339-9B09-E9C4ABE7F501}
		{00A3AA15-42BA-4DB9-B18F-4CBECA2C7386} = {6C1EB0BF-B450-42D3-B52F-CC428FB1C3C6}
		{91E1BA18-EC83-42D6-9B5D-CE1993032897} = {6C1EB0BF-B450-42D3-B52F-CC428FB1C3C6}
		{EEF12B14-90D6-4AB0-A10A-0A123BF2B41F} = {6C1EB0BF-B450-42D3-B52F-CC428FB1C3C6}
		{BFA38C1D-EA2D-47C7-8DF4-A4A807457052} = {F067FC72-5243-49CE-ACBB-85769F235895}
		{21D910BB-E36F-47CA-A2C8-6751E6B5E020} = {A6A4DE24-C909-437C-9B97-1BFB7213A924}
		{E1623659-2380-4234-9718-83EEFCD8A87D} = {A6A4DE24-C909-437C-9B97-1BFB7213A924}
		{3AD471DE-E3EE-4EBB-8422-E88DBD4A6467} = {A6A4DE24-C909-437C-9B97-1BFB7213A924}
		{B65FF259-3EF3-42FD-9528-1E2290E8D664} = {A6A4DE24-C909-437C-9B97-1BFB7213A924}
		{6C943839-A4B8-4780-9E1B-E873ADAADC76} = {C0F99C01-ECB8-4339-9B09-E9C4ABE7F501}
		{546B4124-834E-4D24-9578-47C18F919DC7} = {6C943839-A4B8-4780-9E1B-E873ADAADC76}
		{61EA6C74-392D-4E1C-9BD3-35E415459C18} = {6C943839-A4B8-4780-9E1B-E873ADAADC76}
		{035639BD-3DD2-4BBD-834E-FA1D6E490735} = {6C943839-A4B8-4780-9E1B-E873ADAADC76}
		{41F8CBF3-E161-4552-84AC-A9BB185E202E} = {C0F99C01-ECB8-4339-9B09-E9C4ABE7F501}
		{0A1404A6-3CCE-40CB-BB1C-6EA4BB5BCEC8} = {41F8CBF3-E161-4552-84AC-A9BB185E202E}
		{526451F3-C5A7-4128-BD52-42F2E449310D} = {41F8CBF3-E161-4552-84AC-A9BB185E202E}
		{5C6FD2BA-6101-47B0-82C0-24615FD76158} = {41F8CBF3-E161-4552-84AC-A9BB185E202E}
		{AB838296-E30C-4D9B-A1D1-68A31D04062D} = {6C943839-A4B8-4780-9E1B-E873ADAADC76}
		{A4B4A2CD-B5E7-46A0-83E8-EC604A26C9A9} = {41F8CBF3-E161-4552-84AC-A9BB185E202E}
	EndGlobalSection
	GlobalSection(ExtensibilityGlobals) = postSolution
		SolutionGuid = {30301A2B-742A-41EE-97A7-8AAA199BE8F4}
	EndGlobalSection
EndGlobal
