
Microsoft Visual Studio Solution File, Format Version 12.00
# Visual Studio Version 17
VisualStudioVersion = 17.8.34330.188
MinimumVisualStudioVersion = 10.0.40219.1
Project("{2150E333-8FDC-42A3-9474-1A3956D46DE8}") = "Modules", "Modules", "{C0F99C01-ECB8-4339-9B09-E9C4ABE7F501}"
EndProject
Project("{2150E333-8FDC-42A3-9474-1A3956D46DE8}") = "NBAData", "NBAData", "{6C1EB0BF-B450-42D3-B52F-CC428FB1C3C6}"
EndProject
Project("{9A19103F-16F7-4668-BE54-9A1E7A4F7556}") = "HoopHub.Modules.NBAData.Domain", "Modules\NBAData\HoopHub.Modules.NBAData.Domain\HoopHub.Modules.NBAData.Domain.csproj", "{00A3AA15-42BA-4DB9-B18F-4CBECA2C7386}"
EndProject
Project("{9A19103F-16F7-4668-BE54-9A1E7A4F7556}") = "HoopHub.Modules.NBAData.Application", "Modules\NBAData\HoopHub.Modules.NBAData.Application\HoopHub.Modules.NBAData.Application.csproj", "{91E1BA18-EC83-42D6-9B5D-CE1993032897}"
EndProject
Project("{9A19103F-16F7-4668-BE54-9A1E7A4F7556}") = "HoopHub.Modules.NBAData.Infrastructure", "Modules\NBAData\HoopHub.Modules.NBAData.Infrastructure\HoopHub.Modules.NBAData.Infrastructure.csproj", "{EEF12B14-90D6-4AB0-A10A-0A123BF2B41F}"
EndProject
Project("{2150E333-8FDC-42A3-9474-1A3956D46DE8}") = "API", "API", "{F067FC72-5243-49CE-ACBB-85769F235895}"
EndProject
Project("{9A19103F-16F7-4668-BE54-9A1E7A4F7556}") = "HoopHub.API", "API\HoopHub.API\HoopHub.API.csproj", "{BFA38C1D-EA2D-47C7-8DF4-A4A807457052}"
EndProject
Project("{E53339B2-1760-4266-BCC7-CA923CBCF16C}") = "docker-compose", "docker-compose.dcproj", "{1EAE2EDD-1452-4069-BED5-DE824611B5A6}"
EndProject
Project("{2150E333-8FDC-42A3-9474-1A3956D46DE8}") = "BuildingBlocks", "BuildingBlocks", "{A6A4DE24-C909-437C-9B97-1BFB7213A924}"
EndProject
Project("{9A19103F-16F7-4668-BE54-9A1E7A4F7556}") = "HoopHub.BuildingBlocks.Domain", "BuildingBlocks\HoopHub.BuildingBlocks.Domain\HoopHub.BuildingBlocks.Domain.csproj", "{21D910BB-E36F-47CA-A2C8-6751E6B5E020}"
EndProject
Project("{9A19103F-16F7-4668-BE54-9A1E7A4F7556}") = "HoopHub.BuildingBlocks.Infrastructure", "BuildingBlocks\HoopHub.BuildingBlocks.Infrastructure\HoopHub.BuildingBlocks.Infrastructure.csproj", "{E1623659-2380-4234-9718-83EEFCD8A87D}"
EndProject
Project("{9A19103F-16F7-4668-BE54-9A1E7A4F7556}") = "HoopHub.BuildingBlocks.Application", "BuildingBlocks\HoopHub.BuildingBlocks.Application\HoopHub.BuildingBlocks.Application.csproj", "{3AD471DE-E3EE-4EBB-8422-E88DBD4A6467}"
EndProject
Project("{FAE04EC0-301F-11D3-BF4B-00C04F79EFBC}") = "HoopHub.BuildingBlocks.API", "..\HoopHub.BuildingBlocks.API\HoopHub.BuildingBlocks.API.csproj", "{E6FDACE0-997C-4659-957D-9623FAEBD30A}"
EndProject
Global
	GlobalSection(SolutionConfigurationPlatforms) = preSolution
		Debug|Any CPU = Debug|Any CPU
		Release|Any CPU = Release|Any CPU
	EndGlobalSection
	GlobalSection(ProjectConfigurationPlatforms) = postSolution
		{00A3AA15-42BA-4DB9-B18F-4CBECA2C7386}.Debug|Any CPU.ActiveCfg = Debug|Any CPU
		{00A3AA15-42BA-4DB9-B18F-4CBECA2C7386}.Debug|Any CPU.Build.0 = Debug|Any CPU
		{00A3AA15-42BA-4DB9-B18F-4CBECA2C7386}.Release|Any CPU.ActiveCfg = Release|Any CPU
		{00A3AA15-42BA-4DB9-B18F-4CBECA2C7386}.Release|Any CPU.Build.0 = Release|Any CPU
		{91E1BA18-EC83-42D6-9B5D-CE1993032897}.Debug|Any CPU.ActiveCfg = Debug|Any CPU
		{91E1BA18-EC83-42D6-9B5D-CE1993032897}.Debug|Any CPU.Build.0 = Debug|Any CPU
		{91E1BA18-EC83-42D6-9B5D-CE1993032897}.Release|Any CPU.ActiveCfg = Release|Any CPU
		{91E1BA18-EC83-42D6-9B5D-CE1993032897}.Release|Any CPU.Build.0 = Release|Any CPU
		{EEF12B14-90D6-4AB0-A10A-0A123BF2B41F}.Debug|Any CPU.ActiveCfg = Debug|Any CPU
		{EEF12B14-90D6-4AB0-A10A-0A123BF2B41F}.Debug|Any CPU.Build.0 = Debug|Any CPU
		{EEF12B14-90D6-4AB0-A10A-0A123BF2B41F}.Release|Any CPU.ActiveCfg = Release|Any CPU
		{EEF12B14-90D6-4AB0-A10A-0A123BF2B41F}.Release|Any CPU.Build.0 = Release|Any CPU
		{BFA38C1D-EA2D-47C7-8DF4-A4A807457052}.Debug|Any CPU.ActiveCfg = Debug|Any CPU
		{BFA38C1D-EA2D-47C7-8DF4-A4A807457052}.Debug|Any CPU.Build.0 = Debug|Any CPU
		{BFA38C1D-EA2D-47C7-8DF4-A4A807457052}.Release|Any CPU.ActiveCfg = Release|Any CPU
		{BFA38C1D-EA2D-47C7-8DF4-A4A807457052}.Release|Any CPU.Build.0 = Release|Any CPU
		{1EAE2EDD-1452-4069-BED5-DE824611B5A6}.Debug|Any CPU.ActiveCfg = Debug|Any CPU
		{1EAE2EDD-1452-4069-BED5-DE824611B5A6}.Debug|Any CPU.Build.0 = Debug|Any CPU
		{1EAE2EDD-1452-4069-BED5-DE824611B5A6}.Release|Any CPU.ActiveCfg = Release|Any CPU
		{1EAE2EDD-1452-4069-BED5-DE824611B5A6}.Release|Any CPU.Build.0 = Release|Any CPU
		{21D910BB-E36F-47CA-A2C8-6751E6B5E020}.Debug|Any CPU.ActiveCfg = Debug|Any CPU
		{21D910BB-E36F-47CA-A2C8-6751E6B5E020}.Debug|Any CPU.Build.0 = Debug|Any CPU
		{21D910BB-E36F-47CA-A2C8-6751E6B5E020}.Release|Any CPU.ActiveCfg = Release|Any CPU
		{21D910BB-E36F-47CA-A2C8-6751E6B5E020}.Release|Any CPU.Build.0 = Release|Any CPU
		{E1623659-2380-4234-9718-83EEFCD8A87D}.Debug|Any CPU.ActiveCfg = Debug|Any CPU
		{E1623659-2380-4234-9718-83EEFCD8A87D}.Debug|Any CPU.Build.0 = Debug|Any CPU
		{E1623659-2380-4234-9718-83EEFCD8A87D}.Release|Any CPU.ActiveCfg = Release|Any CPU
		{E1623659-2380-4234-9718-83EEFCD8A87D}.Release|Any CPU.Build.0 = Release|Any CPU
		{3AD471DE-E3EE-4EBB-8422-E88DBD4A6467}.Debug|Any CPU.ActiveCfg = Debug|Any CPU
		{3AD471DE-E3EE-4EBB-8422-E88DBD4A6467}.Debug|Any CPU.Build.0 = Debug|Any CPU
		{3AD471DE-E3EE-4EBB-8422-E88DBD4A6467}.Release|Any CPU.ActiveCfg = Release|Any CPU
		{3AD471DE-E3EE-4EBB-8422-E88DBD4A6467}.Release|Any CPU.Build.0 = Release|Any CPU
		{E6FDACE0-997C-4659-957D-9623FAEBD30A}.Debug|Any CPU.ActiveCfg = Debug|Any CPU
		{E6FDACE0-997C-4659-957D-9623FAEBD30A}.Debug|Any CPU.Build.0 = Debug|Any CPU
		{E6FDACE0-997C-4659-957D-9623FAEBD30A}.Release|Any CPU.ActiveCfg = Release|Any CPU
		{E6FDACE0-997C-4659-957D-9623FAEBD30A}.Release|Any CPU.Build.0 = Release|Any CPU
	EndGlobalSection
	GlobalSection(SolutionProperties) = preSolution
		HideSolutionNode = FALSE
	EndGlobalSection
	GlobalSection(NestedProjects) = preSolution
		{6C1EB0BF-B450-42D3-B52F-CC428FB1C3C6} = {C0F99C01-ECB8-4339-9B09-E9C4ABE7F501}
		{00A3AA15-42BA-4DB9-B18F-4CBECA2C7386} = {6C1EB0BF-B450-42D3-B52F-CC428FB1C3C6}
		{91E1BA18-EC83-42D6-9B5D-CE1993032897} = {6C1EB0BF-B450-42D3-B52F-CC428FB1C3C6}
		{EEF12B14-90D6-4AB0-A10A-0A123BF2B41F} = {6C1EB0BF-B450-42D3-B52F-CC428FB1C3C6}
		{BFA38C1D-EA2D-47C7-8DF4-A4A807457052} = {F067FC72-5243-49CE-ACBB-85769F235895}
		{21D910BB-E36F-47CA-A2C8-6751E6B5E020} = {A6A4DE24-C909-437C-9B97-1BFB7213A924}
		{E1623659-2380-4234-9718-83EEFCD8A87D} = {A6A4DE24-C909-437C-9B97-1BFB7213A924}
		{3AD471DE-E3EE-4EBB-8422-E88DBD4A6467} = {A6A4DE24-C909-437C-9B97-1BFB7213A924}
		{E6FDACE0-997C-4659-957D-9623FAEBD30A} = {A6A4DE24-C909-437C-9B97-1BFB7213A924}
	EndGlobalSection
	GlobalSection(ExtensibilityGlobals) = postSolution
		SolutionGuid = {30301A2B-742A-41EE-97A7-8AAA199BE8F4}
	EndGlobalSection
EndGlobal
